
Microsoft Visual Studio Solution File, Format Version 12.00
# Visual Studio Version 16
VisualStudioVersion = 16.0.30503.244
MinimumVisualStudioVersion = 10.0.40219.1
Project("{F184B08F-C81C-45F6-A57F-5ABD9991F28F}") = "G-Cafe", "G-Cafe\G-Cafe.vbproj", "{20EAB55A-4123-45AA-8AC8-BA54A0F47F22}"
EndProject
Global
	GlobalSection(SolutionConfigurationPlatforms) = preSolution
		Debug|Any CPU = Debug|Any CPU
		Release|Any CPU = Release|Any CPU
	EndGlobalSection
	GlobalSection(ProjectConfigurationPlatforms) = postSolution
		{20EAB55A-4123-45AA-8AC8-BA54A0F47F22}.Debug|Any CPU.ActiveCfg = Debug|Any CPU
		{20EAB55A-4123-45AA-8AC8-BA54A0F47F22}.Debug|Any CPU.Build.0 = Debug|Any CPU
		{20EAB55A-4123-45AA-8AC8-BA54A0F47F22}.Release|Any CPU.ActiveCfg = Release|Any CPU
		{20EAB55A-4123-45AA-8AC8-BA54A0F47F22}.Release|Any CPU.Build.0 = Release|Any CPU
	EndGlobalSection
	GlobalSection(SolutionProperties) = preSolution
		HideSolutionNode = FALSE
	EndGlobalSection
	GlobalSection(ExtensibilityGlobals) = postSolution
		SolutionGuid = {D40C3CB0-690A-4DB6-ABEE-179F611E53D6}
	EndGlobalSection
EndGlobal
